
Microsoft Visual Studio Solution File, Format Version 12.00
# Visual Studio Version 17
VisualStudioVersion = 17.11.35312.102
MinimumVisualStudioVersion = 10.0.40219.1
Project("{9A19103F-16F7-4668-BE54-9A1E7A4F7556}") = "DeliveryService.Application", "DeliveryService.Application\DeliveryService.Application.csproj", "{386631EE-FD23-448D-BF9A-99F582ED767D}"
EndProject
Project("{9A19103F-16F7-4668-BE54-9A1E7A4F7556}") = "DeliveryService.Core", "DeliveryService.Core\DeliveryService.Core.csproj", "{02E6DB00-E3FD-46A4-AFD6-610E47B9730C}"
EndProject
Project("{9A19103F-16F7-4668-BE54-9A1E7A4F7556}") = "DeliveryService.Data", "DeliveryService.Data\DeliveryService.Data.csproj", "{F2F15AA2-DEA8-48C3-9CDC-7B7571169B81}"
EndProject
Project("{9A19103F-16F7-4668-BE54-9A1E7A4F7556}") = "DeliveryService.Test", "DeliveryService.Test\DeliveryService.Test.csproj", "{39F38B5B-29B2-4BD6-BCD9-8738F3ECCA6F}"
EndProject
Project("{FAE04EC0-301F-11D3-BF4B-00C04F79EFBC}") = "DeliveryService.Configuration", "DeliveryService.Configuration\DeliveryService.Configuration.csproj", "{9CA94442-EDDC-4EF8-9069-422EBEC0C7C0}"
EndProject
Global
	GlobalSection(SolutionConfigurationPlatforms) = preSolution
		Debug|Any CPU = Debug|Any CPU
		Release|Any CPU = Release|Any CPU
	EndGlobalSection
	GlobalSection(ProjectConfigurationPlatforms) = postSolution
		{386631EE-FD23-448D-BF9A-99F582ED767D}.Debug|Any CPU.ActiveCfg = Debug|Any CPU
		{386631EE-FD23-448D-BF9A-99F582ED767D}.Debug|Any CPU.Build.0 = Debug|Any CPU
		{386631EE-FD23-448D-BF9A-99F582ED767D}.Release|Any CPU.ActiveCfg = Release|Any CPU
		{386631EE-FD23-448D-BF9A-99F582ED767D}.Release|Any CPU.Build.0 = Release|Any CPU
		{02E6DB00-E3FD-46A4-AFD6-610E47B9730C}.Debug|Any CPU.ActiveCfg = Debug|Any CPU
		{02E6DB00-E3FD-46A4-AFD6-610E47B9730C}.Debug|Any CPU.Build.0 = Debug|Any CPU
		{02E6DB00-E3FD-46A4-AFD6-610E47B9730C}.Release|Any CPU.ActiveCfg = Release|Any CPU
		{02E6DB00-E3FD-46A4-AFD6-610E47B9730C}.Release|Any CPU.Build.0 = Release|Any CPU
		{F2F15AA2-DEA8-48C3-9CDC-7B7571169B81}.Debug|Any CPU.ActiveCfg = Debug|Any CPU
		{F2F15AA2-DEA8-48C3-9CDC-7B7571169B81}.Debug|Any CPU.Build.0 = Debug|Any CPU
		{F2F15AA2-DEA8-48C3-9CDC-7B7571169B81}.Release|Any CPU.ActiveCfg = Release|Any CPU
		{F2F15AA2-DEA8-48C3-9CDC-7B7571169B81}.Release|Any CPU.Build.0 = Release|Any CPU
		{39F38B5B-29B2-4BD6-BCD9-8738F3ECCA6F}.Debug|Any CPU.ActiveCfg = Debug|Any CPU
		{39F38B5B-29B2-4BD6-BCD9-8738F3ECCA6F}.Debug|Any CPU.Build.0 = Debug|Any CPU
		{39F38B5B-29B2-4BD6-BCD9-8738F3ECCA6F}.Release|Any CPU.ActiveCfg = Release|Any CPU
		{39F38B5B-29B2-4BD6-BCD9-8738F3ECCA6F}.Release|Any CPU.Build.0 = Release|Any CPU
		{9CA94442-EDDC-4EF8-9069-422EBEC0C7C0}.Debug|Any CPU.ActiveCfg = Debug|Any CPU
		{9CA94442-EDDC-4EF8-9069-422EBEC0C7C0}.Debug|Any CPU.Build.0 = Debug|Any CPU
		{9CA94442-EDDC-4EF8-9069-422EBEC0C7C0}.Release|Any CPU.ActiveCfg = Release|Any CPU
		{9CA94442-EDDC-4EF8-9069-422EBEC0C7C0}.Release|Any CPU.Build.0 = Release|Any CPU
	EndGlobalSection
	GlobalSection(SolutionProperties) = preSolution
		HideSolutionNode = FALSE
	EndGlobalSection
	GlobalSection(ExtensibilityGlobals) = postSolution
		SolutionGuid = {40930BCE-B728-4F53-8BD3-587AFEE47336}
	EndGlobalSection
EndGlobal
